
Microsoft Visual Studio Solution File, Format Version 12.00
# Visual Studio Version 16
VisualStudioVersion = 16.0.33423.256
MinimumVisualStudioVersion = 10.0.40219.1
Project("{2150E333-8FDC-42A3-9474-1A3956D46DE8}") = "Services", "Services", "{98B18BEF-2949-47C8-9C48-B8570D4AA13E}"
EndProject
Project("{2150E333-8FDC-42A3-9474-1A3956D46DE8}") = "AdminServices", "AdminServices", "{ADF0C125-08E4-4D85-A2BE-5D754F089988}"
EndProject
Project("{2150E333-8FDC-42A3-9474-1A3956D46DE8}") = "UserServices", "UserServices", "{5F60870F-FE8D-4EA6-B130-981FC9FC0C21}"
EndProject
Project("{2150E333-8FDC-42A3-9474-1A3956D46DE8}") = "AdminAuthService", "AdminAuthService", "{C463ED35-4DF8-4856-855C-7C0F1C4F58A3}"
EndProject
Project("{2150E333-8FDC-42A3-9474-1A3956D46DE8}") = "AdminsService", "AdminsService", "{CF10EDDC-A6C4-4B20-9953-05B5643708E5}"
EndProject
Project("{FAE04EC0-301F-11D3-BF4B-00C04F79EFBC}") = "Admins.Domain", "Admins.Domain\Admins.Domain.csproj", "{148389F3-23FC-4D12-B7C6-B585EDD7930F}"
EndProject
Project("{FAE04EC0-301F-11D3-BF4B-00C04F79EFBC}") = "Admins.Foundations", "Admins.Foundations\Admins.Foundations.csproj", "{61A9F419-2768-42FF-8B40-BC437735747A}"
EndProject
Project("{FAE04EC0-301F-11D3-BF4B-00C04F79EFBC}") = "Admins.InfraStructure", "Admins.InfraStructure\Admins.InfraStructure.csproj", "{94071D59-4E1D-4CE3-A7EC-0E9E6DF42C72}"
EndProject
Project("{FAE04EC0-301F-11D3-BF4B-00C04F79EFBC}") = "Admins.Web", "Admins.API\Admins.Web.csproj", "{1DA46823-938A-4F0F-8CA5-4FBB10193A3E}"
EndProject
Project("{FAE04EC0-301F-11D3-BF4B-00C04F79EFBC}") = "AdminAuth.Domain", "AdminAuth.Domain\AdminAuth.Domain.csproj", "{D56C175B-5465-4261-BEA5-8891B557EA13}"
EndProject
Project("{FAE04EC0-301F-11D3-BF4B-00C04F79EFBC}") = "AdminAuth.Foundations", "AdminAuth.Foundations\AdminAuth.Foundations.csproj", "{6C628DC9-99AC-4090-9542-F94DADC824FC}"
EndProject
Project("{FAE04EC0-301F-11D3-BF4B-00C04F79EFBC}") = "AdminAuth.InfraStructure", "AdminAuth.InfraStructure\AdminAuth.InfraStructure.csproj", "{EE4D13D5-3F90-419C-80CE-5411C408D2B8}"
EndProject
Project("{FAE04EC0-301F-11D3-BF4B-00C04F79EFBC}") = "AdminAuth.Web", "AdminAuth.Web\AdminAuth.Web.csproj", "{BF795EC7-CC9F-4C64-8CE3-AD13C0B5A9C7}"
EndProject
Project("{FAE04EC0-301F-11D3-BF4B-00C04F79EFBC}") = "User.Domain", "User.Domain\User.Domain.csproj", "{0EFE3C4B-C9B9-4AD4-A183-141C4C22C8E9}"
EndProject
Project("{FAE04EC0-301F-11D3-BF4B-00C04F79EFBC}") = "User.Foundations", "User.Foundations\User.Foundations.csproj", "{508E86F7-A9A1-453F-8BA5-8E1BF368AD4B}"
EndProject
Project("{FAE04EC0-301F-11D3-BF4B-00C04F79EFBC}") = "User.InfraStructure", "User.InfraStructure\User.InfraStructure.csproj", "{59B485FD-63FD-45A1-A061-71711E351F97}"
EndProject
Project("{FAE04EC0-301F-11D3-BF4B-00C04F79EFBC}") = "User.Web", "User.Web\User.Web.csproj", "{43A58F87-BC10-4A12-ACCC-FA602B8E9867}"
EndProject
Global
	GlobalSection(SolutionConfigurationPlatforms) = preSolution
		Debug|Any CPU = Debug|Any CPU
		Release|Any CPU = Release|Any CPU
	EndGlobalSection
	GlobalSection(ProjectConfigurationPlatforms) = postSolution
		{148389F3-23FC-4D12-B7C6-B585EDD7930F}.Debug|Any CPU.ActiveCfg = Debug|Any CPU
		{148389F3-23FC-4D12-B7C6-B585EDD7930F}.Debug|Any CPU.Build.0 = Debug|Any CPU
		{148389F3-23FC-4D12-B7C6-B585EDD7930F}.Release|Any CPU.ActiveCfg = Release|Any CPU
		{148389F3-23FC-4D12-B7C6-B585EDD7930F}.Release|Any CPU.Build.0 = Release|Any CPU
		{61A9F419-2768-42FF-8B40-BC437735747A}.Debug|Any CPU.ActiveCfg = Debug|Any CPU
		{61A9F419-2768-42FF-8B40-BC437735747A}.Debug|Any CPU.Build.0 = Debug|Any CPU
		{61A9F419-2768-42FF-8B40-BC437735747A}.Release|Any CPU.ActiveCfg = Release|Any CPU
		{61A9F419-2768-42FF-8B40-BC437735747A}.Release|Any CPU.Build.0 = Release|Any CPU
		{94071D59-4E1D-4CE3-A7EC-0E9E6DF42C72}.Debug|Any CPU.ActiveCfg = Debug|Any CPU
		{94071D59-4E1D-4CE3-A7EC-0E9E6DF42C72}.Debug|Any CPU.Build.0 = Debug|Any CPU
		{94071D59-4E1D-4CE3-A7EC-0E9E6DF42C72}.Release|Any CPU.ActiveCfg = Release|Any CPU
		{94071D59-4E1D-4CE3-A7EC-0E9E6DF42C72}.Release|Any CPU.Build.0 = Release|Any CPU
		{1DA46823-938A-4F0F-8CA5-4FBB10193A3E}.Debug|Any CPU.ActiveCfg = Debug|Any CPU
		{1DA46823-938A-4F0F-8CA5-4FBB10193A3E}.Debug|Any CPU.Build.0 = Debug|Any CPU
		{1DA46823-938A-4F0F-8CA5-4FBB10193A3E}.Release|Any CPU.ActiveCfg = Release|Any CPU
		{1DA46823-938A-4F0F-8CA5-4FBB10193A3E}.Release|Any CPU.Build.0 = Release|Any CPU
		{D56C175B-5465-4261-BEA5-8891B557EA13}.Debug|Any CPU.ActiveCfg = Debug|Any CPU
		{D56C175B-5465-4261-BEA5-8891B557EA13}.Debug|Any CPU.Build.0 = Debug|Any CPU
		{D56C175B-5465-4261-BEA5-8891B557EA13}.Release|Any CPU.ActiveCfg = Release|Any CPU
		{D56C175B-5465-4261-BEA5-8891B557EA13}.Release|Any CPU.Build.0 = Release|Any CPU
		{6C628DC9-99AC-4090-9542-F94DADC824FC}.Debug|Any CPU.ActiveCfg = Debug|Any CPU
		{6C628DC9-99AC-4090-9542-F94DADC824FC}.Debug|Any CPU.Build.0 = Debug|Any CPU
		{6C628DC9-99AC-4090-9542-F94DADC824FC}.Release|Any CPU.ActiveCfg = Release|Any CPU
		{6C628DC9-99AC-4090-9542-F94DADC824FC}.Release|Any CPU.Build.0 = Release|Any CPU
		{EE4D13D5-3F90-419C-80CE-5411C408D2B8}.Debug|Any CPU.ActiveCfg = Debug|Any CPU
		{EE4D13D5-3F90-419C-80CE-5411C408D2B8}.Debug|Any CPU.Build.0 = Debug|Any CPU
		{EE4D13D5-3F90-419C-80CE-5411C408D2B8}.Release|Any CPU.ActiveCfg = Release|Any CPU
		{EE4D13D5-3F90-419C-80CE-5411C408D2B8}.Release|Any CPU.Build.0 = Release|Any CPU
		{BF795EC7-CC9F-4C64-8CE3-AD13C0B5A9C7}.Debug|Any CPU.ActiveCfg = Debug|Any CPU
		{BF795EC7-CC9F-4C64-8CE3-AD13C0B5A9C7}.Debug|Any CPU.Build.0 = Debug|Any CPU
		{BF795EC7-CC9F-4C64-8CE3-AD13C0B5A9C7}.Release|Any CPU.ActiveCfg = Release|Any CPU
		{BF795EC7-CC9F-4C64-8CE3-AD13C0B5A9C7}.Release|Any CPU.Build.0 = Release|Any CPU
		{0EFE3C4B-C9B9-4AD4-A183-141C4C22C8E9}.Debug|Any CPU.ActiveCfg = Debug|Any CPU
		{0EFE3C4B-C9B9-4AD4-A183-141C4C22C8E9}.Debug|Any CPU.Build.0 = Debug|Any CPU
		{0EFE3C4B-C9B9-4AD4-A183-141C4C22C8E9}.Release|Any CPU.ActiveCfg = Release|Any CPU
		{0EFE3C4B-C9B9-4AD4-A183-141C4C22C8E9}.Release|Any CPU.Build.0 = Release|Any CPU
		{508E86F7-A9A1-453F-8BA5-8E1BF368AD4B}.Debug|Any CPU.ActiveCfg = Debug|Any CPU
		{508E86F7-A9A1-453F-8BA5-8E1BF368AD4B}.Debug|Any CPU.Build.0 = Debug|Any CPU
		{508E86F7-A9A1-453F-8BA5-8E1BF368AD4B}.Release|Any CPU.ActiveCfg = Release|Any CPU
		{508E86F7-A9A1-453F-8BA5-8E1BF368AD4B}.Release|Any CPU.Build.0 = Release|Any CPU
		{59B485FD-63FD-45A1-A061-71711E351F97}.Debug|Any CPU.ActiveCfg = Debug|Any CPU
		{59B485FD-63FD-45A1-A061-71711E351F97}.Debug|Any CPU.Build.0 = Debug|Any CPU
		{59B485FD-63FD-45A1-A061-71711E351F97}.Release|Any CPU.ActiveCfg = Release|Any CPU
		{59B485FD-63FD-45A1-A061-71711E351F97}.Release|Any CPU.Build.0 = Release|Any CPU
		{43A58F87-BC10-4A12-ACCC-FA602B8E9867}.Debug|Any CPU.ActiveCfg = Debug|Any CPU
		{43A58F87-BC10-4A12-ACCC-FA602B8E9867}.Debug|Any CPU.Build.0 = Debug|Any CPU
		{43A58F87-BC10-4A12-ACCC-FA602B8E9867}.Release|Any CPU.ActiveCfg = Release|Any CPU
		{43A58F87-BC10-4A12-ACCC-FA602B8E9867}.Release|Any CPU.Build.0 = Release|Any CPU
	EndGlobalSection
	GlobalSection(SolutionProperties) = preSolution
		HideSolutionNode = FALSE
	EndGlobalSection
	GlobalSection(NestedProjects) = preSolution
		{ADF0C125-08E4-4D85-A2BE-5D754F089988} = {98B18BEF-2949-47C8-9C48-B8570D4AA13E}
		{5F60870F-FE8D-4EA6-B130-981FC9FC0C21} = {98B18BEF-2949-47C8-9C48-B8570D4AA13E}
		{C463ED35-4DF8-4856-855C-7C0F1C4F58A3} = {ADF0C125-08E4-4D85-A2BE-5D754F089988}
		{CF10EDDC-A6C4-4B20-9953-05B5643708E5} = {ADF0C125-08E4-4D85-A2BE-5D754F089988}
		{148389F3-23FC-4D12-B7C6-B585EDD7930F} = {CF10EDDC-A6C4-4B20-9953-05B5643708E5}
		{61A9F419-2768-42FF-8B40-BC437735747A} = {CF10EDDC-A6C4-4B20-9953-05B5643708E5}
		{94071D59-4E1D-4CE3-A7EC-0E9E6DF42C72} = {CF10EDDC-A6C4-4B20-9953-05B5643708E5}
		{1DA46823-938A-4F0F-8CA5-4FBB10193A3E} = {CF10EDDC-A6C4-4B20-9953-05B5643708E5}
		{D56C175B-5465-4261-BEA5-8891B557EA13} = {C463ED35-4DF8-4856-855C-7C0F1C4F58A3}
		{6C628DC9-99AC-4090-9542-F94DADC824FC} = {C463ED35-4DF8-4856-855C-7C0F1C4F58A3}
		{EE4D13D5-3F90-419C-80CE-5411C408D2B8} = {C463ED35-4DF8-4856-855C-7C0F1C4F58A3}
		{BF795EC7-CC9F-4C64-8CE3-AD13C0B5A9C7} = {C463ED35-4DF8-4856-855C-7C0F1C4F58A3}
		{0EFE3C4B-C9B9-4AD4-A183-141C4C22C8E9} = {5F60870F-FE8D-4EA6-B130-981FC9FC0C21}
		{508E86F7-A9A1-453F-8BA5-8E1BF368AD4B} = {5F60870F-FE8D-4EA6-B130-981FC9FC0C21}
		{59B485FD-63FD-45A1-A061-71711E351F97} = {5F60870F-FE8D-4EA6-B130-981FC9FC0C21}
		{43A58F87-BC10-4A12-ACCC-FA602B8E9867} = {5F60870F-FE8D-4EA6-B130-981FC9FC0C21}
	EndGlobalSection
	GlobalSection(ExtensibilityGlobals) = postSolution
		SolutionGuid = {052AE91C-4709-4DE6-A4CC-8534DEC7020E}
	EndGlobalSection
EndGlobal
